
Microsoft Visual Studio Solution File, Format Version 12.00
# Visual Studio Version 16
VisualStudioVersion = 16.0.30717.126
MinimumVisualStudioVersion = 10.0.40219.1
Project("{FAE04EC0-301F-11D3-BF4B-00C04F79EFBC}") = "BinanceAlgorithm", "BinanceAlgorithm\BinanceAlgorithm.csproj", "{5EDB2EA2-CE45-4E50-AEC2-5E73F0880EBA}"
EndProject
Global
	GlobalSection(SolutionConfigurationPlatforms) = preSolution
		Debug|Any CPU = Debug|Any CPU
		Release|Any CPU = Release|Any CPU
	EndGlobalSection
	GlobalSection(ProjectConfigurationPlatforms) = postSolution
		{5EDB2EA2-CE45-4E50-AEC2-5E73F0880EBA}.Debug|Any CPU.ActiveCfg = Debug|Any CPU
		{5EDB2EA2-CE45-4E50-AEC2-5E73F0880EBA}.Debug|Any CPU.Build.0 = Debug|Any CPU
		{5EDB2EA2-CE45-4E50-AEC2-5E73F0880EBA}.Release|Any CPU.ActiveCfg = Release|Any CPU
		{5EDB2EA2-CE45-4E50-AEC2-5E73F0880EBA}.Release|Any CPU.Build.0 = Release|Any CPU
	EndGlobalSection
	GlobalSection(SolutionProperties) = preSolution
		HideSolutionNode = FALSE
	EndGlobalSection
	GlobalSection(ExtensibilityGlobals) = postSolution
		SolutionGuid = {A539A193-2797-4C5E-BC1E-60138453605E}
	EndGlobalSection
EndGlobal
